
Microsoft Visual Studio Solution File, Format Version 12.00
# Visual Studio Version 17
VisualStudioVersion = 17.6.33723.286
MinimumVisualStudioVersion = 10.0.40219.1
Project("{8BC9CEB8-8B4A-11D0-8D11-00A0C91BC942}") = "multipewarisan", "multipewarisan\multipewarisan.vcxproj", "{CA8B95BB-75DA-489F-84F0-6EAB36560D9B}"
EndProject
Project("{8BC9CEB8-8B4A-11D0-8D11-00A0C91BC942}") = "Problem Multi Waris", "Problem Multi Waris\Problem Multi Waris.vcxproj", "{93180FFA-414F-4C88-85AD-27B8F5AE72CB}"
EndProject
Project("{8BC9CEB8-8B4A-11D0-8D11-00A0C91BC942}") = "SolveMultiWaris", "SolveMultiWaris\SolveMultiWaris.vcxproj", "{42B7F168-FB19-4C1C-BE78-4350AD843D02}"
EndProject
Project("{8BC9CEB8-8B4A-11D0-8D11-00A0C91BC942}") = "Polimorpi", "Polimorpi\Polimorpi.vcxproj", "{126EB0D0-4521-4DE4-8479-B10B04938529}"
EndProject
Project("{8BC9CEB8-8B4A-11D0-8D11-00A0C91BC942}") = "noOverriding", "noOverriding\noOverriding.vcxproj", "{B2C97873-E571-4616-B497-CFB30992F7AB}"
EndProject
Global
	GlobalSection(SolutionConfigurationPlatforms) = preSolution
		Debug|x64 = Debug|x64
		Debug|x86 = Debug|x86
		Release|x64 = Release|x64
		Release|x86 = Release|x86
	EndGlobalSection
	GlobalSection(ProjectConfigurationPlatforms) = postSolution
		{CA8B95BB-75DA-489F-84F0-6EAB36560D9B}.Debug|x64.ActiveCfg = Debug|x64
		{CA8B95BB-75DA-489F-84F0-6EAB36560D9B}.Debug|x64.Build.0 = Debug|x64
		{CA8B95BB-75DA-489F-84F0-6EAB36560D9B}.Debug|x86.ActiveCfg = Debug|Win32
		{CA8B95BB-75DA-489F-84F0-6EAB36560D9B}.Debug|x86.Build.0 = Debug|Win32
		{CA8B95BB-75DA-489F-84F0-6EAB36560D9B}.Release|x64.ActiveCfg = Release|x64
		{CA8B95BB-75DA-489F-84F0-6EAB36560D9B}.Release|x64.Build.0 = Release|x64
		{CA8B95BB-75DA-489F-84F0-6EAB36560D9B}.Release|x86.ActiveCfg = Release|Win32
		{CA8B95BB-75DA-489F-84F0-6EAB36560D9B}.Release|x86.Build.0 = Release|Win32
		{93180FFA-414F-4C88-85AD-27B8F5AE72CB}.Debug|x64.ActiveCfg = Debug|x64
		{93180FFA-414F-4C88-85AD-27B8F5AE72CB}.Debug|x64.Build.0 = Debug|x64
		{93180FFA-414F-4C88-85AD-27B8F5AE72CB}.Debug|x86.ActiveCfg = Debug|Win32
		{93180FFA-414F-4C88-85AD-27B8F5AE72CB}.Debug|x86.Build.0 = Debug|Win32
		{93180FFA-414F-4C88-85AD-27B8F5AE72CB}.Release|x64.ActiveCfg = Release|x64
		{93180FFA-414F-4C88-85AD-27B8F5AE72CB}.Release|x64.Build.0 = Release|x64
		{93180FFA-414F-4C88-85AD-27B8F5AE72CB}.Release|x86.ActiveCfg = Release|Win32
		{93180FFA-414F-4C88-85AD-27B8F5AE72CB}.Release|x86.Build.0 = Release|Win32
		{42B7F168-FB19-4C1C-BE78-4350AD843D02}.Debug|x64.ActiveCfg = Debug|x64
		{42B7F168-FB19-4C1C-BE78-4350AD843D02}.Debug|x64.Build.0 = Debug|x64
		{42B7F168-FB19-4C1C-BE78-4350AD843D02}.Debug|x86.ActiveCfg = Debug|Win32
		{42B7F168-FB19-4C1C-BE78-4350AD843D02}.Debug|x86.Build.0 = Debug|Win32
		{42B7F168-FB19-4C1C-BE78-4350AD843D02}.Release|x64.ActiveCfg = Release|x64
		{42B7F168-FB19-4C1C-BE78-4350AD843D02}.Release|x64.Build.0 = Release|x64
		{42B7F168-FB19-4C1C-BE78-4350AD843D02}.Release|x86.ActiveCfg = Release|Win32
		{42B7F168-FB19-4C1C-BE78-4350AD843D02}.Release|x86.Build.0 = Release|Win32
		{126EB0D0-4521-4DE4-8479-B10B04938529}.Debug|x64.ActiveCfg = Debug|x64
		{126EB0D0-4521-4DE4-8479-B10B04938529}.Debug|x64.Build.0 = Debug|x64
		{126EB0D0-4521-4DE4-8479-B10B04938529}.Debug|x86.ActiveCfg = Debug|Win32
		{126EB0D0-4521-4DE4-8479-B10B04938529}.Debug|x86.Build.0 = Debug|Win32
		{126EB0D0-4521-4DE4-8479-B10B04938529}.Release|x64.ActiveCfg = Release|x64
		{126EB0D0-4521-4DE4-8479-B10B04938529}.Release|x64.Build.0 = Release|x64
		{126EB0D0-4521-4DE4-8479-B10B04938529}.Release|x86.ActiveCfg = Release|Win32
		{126EB0D0-4521-4DE4-8479-B10B04938529}.Release|x86.Build.0 = Release|Win32
		{B2C97873-E571-4616-B497-CFB30992F7AB}.Debug|x64.ActiveCfg = Debug|x64
		{B2C97873-E571-4616-B497-CFB30992F7AB}.Debug|x64.Build.0 = Debug|x64
		{B2C97873-E571-4616-B497-CFB30992F7AB}.Debug|x86.ActiveCfg = Debug|Win32
		{B2C97873-E571-4616-B497-CFB30992F7AB}.Debug|x86.Build.0 = Debug|Win32
		{B2C97873-E571-4616-B497-CFB30992F7AB}.Release|x64.ActiveCfg = Release|x64
		{B2C97873-E571-4616-B497-CFB30992F7AB}.Release|x64.Build.0 = Release|x64
		{B2C97873-E571-4616-B497-CFB30992F7AB}.Release|x86.ActiveCfg = Release|Win32
		{B2C97873-E571-4616-B497-CFB30992F7AB}.Release|x86.Build.0 = Release|Win32
	EndGlobalSection
	GlobalSection(SolutionProperties) = preSolution
		HideSolutionNode = FALSE
	EndGlobalSection
	GlobalSection(ExtensibilityGlobals) = postSolution
		SolutionGuid = {3FDBB44F-526E-4B30-915C-223EAE0FD2C0}
	EndGlobalSection
EndGlobal
